// !$*UTF8*$!
{
	archiveVersion = 1;
	classes = {
	};
	objectVersion = 56;
	objects = {

/* Begin PBXBuildFile section */
		847D52B82C7CB93800FD7C78 /* AboutUsViewController.storyboard in Resources */ = {isa = PBXBuildFile; fileRef = 847D52B72C7CB93800FD7C78 /* AboutUsViewController.storyboard */; };
		847D52BA2C7CB95700FD7C78 /* AboutUsViewController.swift in Sources */ = {isa = PBXBuildFile; fileRef = 847D52B92C7CB95700FD7C78 /* AboutUsViewController.swift */; };
		847D52BD2C7DF99800FD7C78 /* MyOrderViewController.swift in Sources */ = {isa = PBXBuildFile; fileRef = 847D52BC2C7DF99700FD7C78 /* MyOrderViewController.swift */; };
		847D52BF2C7DF9DB00FD7C78 /* MyOrderViewController.storyboard in Resources */ = {isa = PBXBuildFile; fileRef = 847D52BE2C7DF9DB00FD7C78 /* MyOrderViewController.storyboard */; };
		847D52C22C7FD45800FD7C78 /* HelpViewController.storyboard in Resources */ = {isa = PBXBuildFile; fileRef = 847D52C12C7FD45800FD7C78 /* HelpViewController.storyboard */; };
		847D52C42C7FD46100FD7C78 /* HelpViewController.swift in Sources */ = {isa = PBXBuildFile; fileRef = 847D52C32C7FD46100FD7C78 /* HelpViewController.swift */; };
		847D52C72C7FD74700FD7C78 /* OrderViewController.swift in Sources */ = {isa = PBXBuildFile; fileRef = 847D52C62C7FD74700FD7C78 /* OrderViewController.swift */; };
		847D52C92C7FDA4500FD7C78 /* OrderViewController.storyboard in Resources */ = {isa = PBXBuildFile; fileRef = 847D52C82C7FDA4500FD7C78 /* OrderViewController.storyboard */; };
		847D52CC2C7FED6900FD7C78 /* GetPhotoViewController.storyboard in Resources */ = {isa = PBXBuildFile; fileRef = 847D52CB2C7FED6900FD7C78 /* GetPhotoViewController.storyboard */; };
		847D52CE2C7FED7A00FD7C78 /* GetPhotoViewController.swift in Sources */ = {isa = PBXBuildFile; fileRef = 847D52CD2C7FED7A00FD7C78 /* GetPhotoViewController.swift */; };
		847D52D12C80B51900FD7C78 /* TypeViewController.swift in Sources */ = {isa = PBXBuildFile; fileRef = 847D52D02C80B51900FD7C78 /* TypeViewController.swift */; };
		847D52D32C80B52300FD7C78 /* TypeViewController.storyboard in Resources */ = {isa = PBXBuildFile; fileRef = 847D52D22C80B52300FD7C78 /* TypeViewController.storyboard */; };
		847D52D72C83171800FD7C78 /* OrderDetailsViewController.swift in Sources */ = {isa = PBXBuildFile; fileRef = 847D52D62C83171800FD7C78 /* OrderDetailsViewController.swift */; };
		847D52D92C83172700FD7C78 /* OrderDetailsViewController.storyboard in Resources */ = {isa = PBXBuildFile; fileRef = 847D52D82C83172700FD7C78 /* OrderDetailsViewController.storyboard */; };
		84A608492C6A2BCD00EF4FB0 /* AppDelegate.swift in Sources */ = {isa = PBXBuildFile; fileRef = 84A608482C6A2BCD00EF4FB0 /* AppDelegate.swift */; };
		84A6084B2C6A2BCD00EF4FB0 /* SceneDelegate.swift in Sources */ = {isa = PBXBuildFile; fileRef = 84A6084A2C6A2BCD00EF4FB0 /* SceneDelegate.swift */; };
		84A6084D2C6A2BCD00EF4FB0 /* ViewController.swift in Sources */ = {isa = PBXBuildFile; fileRef = 84A6084C2C6A2BCD00EF4FB0 /* ViewController.swift */; };
		84A608502C6A2BCD00EF4FB0 /* Main.storyboard in Resources */ = {isa = PBXBuildFile; fileRef = 84A6084E2C6A2BCD00EF4FB0 /* Main.storyboard */; };
		84A608522C6A2BCF00EF4FB0 /* Assets.xcassets in Resources */ = {isa = PBXBuildFile; fileRef = 84A608512C6A2BCF00EF4FB0 /* Assets.xcassets */; };
		84A608552C6A2BCF00EF4FB0 /* LaunchScreen.storyboard in Resources */ = {isa = PBXBuildFile; fileRef = 84A608532C6A2BCF00EF4FB0 /* LaunchScreen.storyboard */; };
		84A6086C2C6B63E700EF4FB0 /* RegViewController.swift in Sources */ = {isa = PBXBuildFile; fileRef = 84A6086B2C6B63E700EF4FB0 /* RegViewController.swift */; };
		84A608702C6B664100EF4FB0 /* RegViewController.storyboard in Resources */ = {isa = PBXBuildFile; fileRef = 84A6086F2C6B664100EF4FB0 /* RegViewController.storyboard */; };
		84A608732C6B9D5600EF4FB0 /* SQL.swift in Sources */ = {isa = PBXBuildFile; fileRef = 84A608722C6B9D5600EF4FB0 /* SQL.swift */; };
		84A6087C2C6D3C4100EF4FB0 /* EntrViewController.swift in Sources */ = {isa = PBXBuildFile; fileRef = 84A6087B2C6D3C4100EF4FB0 /* EntrViewController.swift */; };
		84A6087E2C6D3C5B00EF4FB0 /* EntrViewController.storyboard in Resources */ = {isa = PBXBuildFile; fileRef = 84A6087D2C6D3C5B00EF4FB0 /* EntrViewController.storyboard */; };
/* End PBXBuildFile section */

/* Begin PBXFileReference section */
		847D52B72C7CB93800FD7C78 /* AboutUsViewController.storyboard */ = {isa = PBXFileReference; lastKnownFileType = file.storyboard; path = AboutUsViewController.storyboard; sourceTree = "<group>"; };
		847D52B92C7CB95700FD7C78 /* AboutUsViewController.swift */ = {isa = PBXFileReference; lastKnownFileType = sourcecode.swift; path = AboutUsViewController.swift; sourceTree = "<group>"; };
		847D52BC2C7DF99700FD7C78 /* MyOrderViewController.swift */ = {isa = PBXFileReference; lastKnownFileType = sourcecode.swift; path = MyOrderViewController.swift; sourceTree = "<group>"; };
		847D52BE2C7DF9DB00FD7C78 /* MyOrderViewController.storyboard */ = {isa = PBXFileReference; lastKnownFileType = file.storyboard; path = MyOrderViewController.storyboard; sourceTree = "<group>"; };
		847D52C12C7FD45800FD7C78 /* HelpViewController.storyboard */ = {isa = PBXFileReference; lastKnownFileType = file.storyboard; path = HelpViewController.storyboard; sourceTree = "<group>"; };
		847D52C32C7FD46100FD7C78 /* HelpViewController.swift */ = {isa = PBXFileReference; lastKnownFileType = sourcecode.swift; path = HelpViewController.swift; sourceTree = "<group>"; };
		847D52C62C7FD74700FD7C78 /* OrderViewController.swift */ = {isa = PBXFileReference; lastKnownFileType = sourcecode.swift; path = OrderViewController.swift; sourceTree = "<group>"; };
		847D52C82C7FDA4500FD7C78 /* OrderViewController.storyboard */ = {isa = PBXFileReference; lastKnownFileType = file.storyboard; path = OrderViewController.storyboard; sourceTree = "<group>"; };
		847D52CB2C7FED6900FD7C78 /* GetPhotoViewController.storyboard */ = {isa = PBXFileReference; lastKnownFileType = file.storyboard; path = GetPhotoViewController.storyboard; sourceTree = "<group>"; };
		847D52CD2C7FED7A00FD7C78 /* GetPhotoViewController.swift */ = {isa = PBXFileReference; lastKnownFileType = sourcecode.swift; path = GetPhotoViewController.swift; sourceTree = "<group>"; };
		847D52D02C80B51900FD7C78 /* TypeViewController.swift */ = {isa = PBXFileReference; lastKnownFileType = sourcecode.swift; path = TypeViewController.swift; sourceTree = "<group>"; };
		847D52D22C80B52300FD7C78 /* TypeViewController.storyboard */ = {isa = PBXFileReference; lastKnownFileType = file.storyboard; path = TypeViewController.storyboard; sourceTree = "<group>"; };
		847D52D62C83171800FD7C78 /* OrderDetailsViewController.swift */ = {isa = PBXFileReference; lastKnownFileType = sourcecode.swift; path = OrderDetailsViewController.swift; sourceTree = "<group>"; };
		847D52D82C83172700FD7C78 /* OrderDetailsViewController.storyboard */ = {isa = PBXFileReference; lastKnownFileType = file.storyboard; path = OrderDetailsViewController.storyboard; sourceTree = "<group>"; };
		84A608452C6A2BCD00EF4FB0 /* Expert.app */ = {isa = PBXFileReference; explicitFileType = wrapper.application; includeInIndex = 0; path = Expert.app; sourceTree = BUILT_PRODUCTS_DIR; };
		84A608482C6A2BCD00EF4FB0 /* AppDelegate.swift */ = {isa = PBXFileReference; lastKnownFileType = sourcecode.swift; path = AppDelegate.swift; sourceTree = "<group>"; };
		84A6084A2C6A2BCD00EF4FB0 /* SceneDelegate.swift */ = {isa = PBXFileReference; lastKnownFileType = sourcecode.swift; path = SceneDelegate.swift; sourceTree = "<group>"; };
		84A6084C2C6A2BCD00EF4FB0 /* ViewController.swift */ = {isa = PBXFileReference; lastKnownFileType = sourcecode.swift; path = ViewController.swift; sourceTree = "<group>"; };
		84A6084F2C6A2BCD00EF4FB0 /* Base */ = {isa = PBXFileReference; lastKnownFileType = file.storyboard; name = Base; path = Base.lproj/Main.storyboard; sourceTree = "<group>"; };
		84A608512C6A2BCF00EF4FB0 /* Assets.xcassets */ = {isa = PBXFileReference; lastKnownFileType = folder.assetcatalog; path = Assets.xcassets; sourceTree = "<group>"; };
		84A608542C6A2BCF00EF4FB0 /* Base */ = {isa = PBXFileReference; lastKnownFileType = file.storyboard; name = Base; path = Base.lproj/LaunchScreen.storyboard; sourceTree = "<group>"; };
		84A608562C6A2BCF00EF4FB0 /* Info.plist */ = {isa = PBXFileReference; lastKnownFileType = text.plist.xml; path = Info.plist; sourceTree = "<group>"; };
		84A6086B2C6B63E700EF4FB0 /* RegViewController.swift */ = {isa = PBXFileReference; lastKnownFileType = sourcecode.swift; path = RegViewController.swift; sourceTree = "<group>"; };
		84A6086F2C6B664100EF4FB0 /* RegViewController.storyboard */ = {isa = PBXFileReference; lastKnownFileType = file.storyboard; path = RegViewController.storyboard; sourceTree = "<group>"; };
		84A608722C6B9D5600EF4FB0 /* SQL.swift */ = {isa = PBXFileReference; lastKnownFileType = sourcecode.swift; path = SQL.swift; sourceTree = "<group>"; };
		84A6087B2C6D3C4100EF4FB0 /* EntrViewController.swift */ = {isa = PBXFileReference; lastKnownFileType = sourcecode.swift; path = EntrViewController.swift; sourceTree = "<group>"; };
		84A6087D2C6D3C5B00EF4FB0 /* EntrViewController.storyboard */ = {isa = PBXFileReference; lastKnownFileType = file.storyboard; path = EntrViewController.storyboard; sourceTree = "<group>"; };
/* End PBXFileReference section */

/* Begin PBXFrameworksBuildPhase section */
		84A608422C6A2BCD00EF4FB0 /* Frameworks */ = {
			isa = PBXFrameworksBuildPhase;
			buildActionMask = 2147483647;
			files = (
			);
			runOnlyForDeploymentPostprocessing = 0;
		};
/* End PBXFrameworksBuildPhase section */

/* Begin PBXGroup section */
		847D52B62C7CB91B00FD7C78 /* AboutUsViewController */ = {
			isa = PBXGroup;
			children = (
				847D52B72C7CB93800FD7C78 /* AboutUsViewController.storyboard */,
				847D52B92C7CB95700FD7C78 /* AboutUsViewController.swift */,
			);
			path = AboutUsViewController;
			sourceTree = "<group>";
		};
		847D52BB2C7DF97100FD7C78 /* MyOrderViewController */ = {
			isa = PBXGroup;
			children = (
				847D52BC2C7DF99700FD7C78 /* MyOrderViewController.swift */,
				847D52BE2C7DF9DB00FD7C78 /* MyOrderViewController.storyboard */,
			);
			path = MyOrderViewController;
			sourceTree = "<group>";
		};
		847D52C02C7FD44100FD7C78 /* HelpViewController */ = {
			isa = PBXGroup;
			children = (
				847D52C12C7FD45800FD7C78 /* HelpViewController.storyboard */,
				847D52C32C7FD46100FD7C78 /* HelpViewController.swift */,
			);
			path = HelpViewController;
			sourceTree = "<group>";
		};
		847D52C52C7FD72800FD7C78 /* OrderViewController */ = {
			isa = PBXGroup;
			children = (
				847D52C62C7FD74700FD7C78 /* OrderViewController.swift */,
				847D52C82C7FDA4500FD7C78 /* OrderViewController.storyboard */,
			);
			path = OrderViewController;
			sourceTree = "<group>";
		};
		847D52CA2C7FED5400FD7C78 /* GetPhotoViewController */ = {
			isa = PBXGroup;
			children = (
				847D52CB2C7FED6900FD7C78 /* GetPhotoViewController.storyboard */,
				847D52CD2C7FED7A00FD7C78 /* GetPhotoViewController.swift */,
			);
			path = GetPhotoViewController;
			sourceTree = "<group>";
		};
		847D52CF2C80B50300FD7C78 /* TypeViewController */ = {
			isa = PBXGroup;
			children = (
				847D52D02C80B51900FD7C78 /* TypeViewController.swift */,
				847D52D22C80B52300FD7C78 /* TypeViewController.storyboard */,
			);
			path = TypeViewController;
			sourceTree = "<group>";
		};
		847D52D52C83170800FD7C78 /* OrderDetailsViewController */ = {
			isa = PBXGroup;
			children = (
				847D52D62C83171800FD7C78 /* OrderDetailsViewController.swift */,
				847D52D82C83172700FD7C78 /* OrderDetailsViewController.storyboard */,
			);
			path = OrderDetailsViewController;
			sourceTree = "<group>";
		};
		84A6083C2C6A2BCD00EF4FB0 = {
			isa = PBXGroup;
			children = (
				84A608472C6A2BCD00EF4FB0 /* Expert */,
				84A608462C6A2BCD00EF4FB0 /* Products */,
			);
			sourceTree = "<group>";
		};
		84A608462C6A2BCD00EF4FB0 /* Products */ = {
			isa = PBXGroup;
			children = (
				84A608452C6A2BCD00EF4FB0 /* Expert.app */,
			);
			name = Products;
			sourceTree = "<group>";
		};
		84A608472C6A2BCD00EF4FB0 /* Expert */ = {
			isa = PBXGroup;
			children = (
				847D52D52C83170800FD7C78 /* OrderDetailsViewController */,
				847D52CF2C80B50300FD7C78 /* TypeViewController */,
				847D52CA2C7FED5400FD7C78 /* GetPhotoViewController */,
				847D52C52C7FD72800FD7C78 /* OrderViewController */,
				847D52C02C7FD44100FD7C78 /* HelpViewController */,
				847D52BB2C7DF97100FD7C78 /* MyOrderViewController */,
				847D52B62C7CB91B00FD7C78 /* AboutUsViewController */,
				84A6087A2C6D3C1D00EF4FB0 /* EntrViewController */,
				84A608712C6B9D4900EF4FB0 /* SQL */,
				84A6085E2C6B5EFF00EF4FB0 /* registrarion */,
				84A608482C6A2BCD00EF4FB0 /* AppDelegate.swift */,
				84A6084A2C6A2BCD00EF4FB0 /* SceneDelegate.swift */,
				84A6084C2C6A2BCD00EF4FB0 /* ViewController.swift */,
				84A6084E2C6A2BCD00EF4FB0 /* Main.storyboard */,
				84A608512C6A2BCF00EF4FB0 /* Assets.xcassets */,
				84A608532C6A2BCF00EF4FB0 /* LaunchScreen.storyboard */,
				84A608562C6A2BCF00EF4FB0 /* Info.plist */,
			);
			path = Expert;
			sourceTree = "<group>";
		};
		84A6085E2C6B5EFF00EF4FB0 /* registrarion */ = {
			isa = PBXGroup;
			children = (
				84A6086B2C6B63E700EF4FB0 /* RegViewController.swift */,
				84A6086F2C6B664100EF4FB0 /* RegViewController.storyboard */,
			);
			path = registrarion;
			sourceTree = "<group>";
		};
		84A608712C6B9D4900EF4FB0 /* SQL */ = {
			isa = PBXGroup;
			children = (
				84A608722C6B9D5600EF4FB0 /* SQL.swift */,
			);
			path = SQL;
			sourceTree = "<group>";
		};
		84A6087A2C6D3C1D00EF4FB0 /* EntrViewController */ = {
			isa = PBXGroup;
			children = (
				84A6087B2C6D3C4100EF4FB0 /* EntrViewController.swift */,
				84A6087D2C6D3C5B00EF4FB0 /* EntrViewController.storyboard */,
			);
			path = EntrViewController;
			sourceTree = "<group>";
		};
/* End PBXGroup section */

/* Begin PBXNativeTarget section */
		84A608442C6A2BCD00EF4FB0 /* Expert */ = {
			isa = PBXNativeTarget;
			buildConfigurationList = 84A608592C6A2BCF00EF4FB0 /* Build configuration list for PBXNativeTarget "Expert" */;
			buildPhases = (
				84A608412C6A2BCD00EF4FB0 /* Sources */,
				84A608422C6A2BCD00EF4FB0 /* Frameworks */,
				84A608432C6A2BCD00EF4FB0 /* Resources */,
			);
			buildRules = (
			);
			dependencies = (
			);
			name = Expert;
			productName = Expert;
			productReference = 84A608452C6A2BCD00EF4FB0 /* Expert.app */;
			productType = "com.apple.product-type.application";
		};
/* End PBXNativeTarget section */

/* Begin PBXProject section */
		84A6083D2C6A2BCD00EF4FB0 /* Project object */ = {
			isa = PBXProject;
			attributes = {
				BuildIndependentTargetsInParallel = 1;
				LastSwiftUpdateCheck = 1400;
				LastUpgradeCheck = 1400;
				TargetAttributes = {
					84A608442C6A2BCD00EF4FB0 = {
						CreatedOnToolsVersion = 14.0;
					};
				};
			};
			buildConfigurationList = 84A608402C6A2BCD00EF4FB0 /* Build configuration list for PBXProject "Expert" */;
			compatibilityVersion = "Xcode 14.0";
			developmentRegion = en;
			hasScannedForEncodings = 0;
			knownRegions = (
				en,
				Base,
			);
			mainGroup = 84A6083C2C6A2BCD00EF4FB0;
			productRefGroup = 84A608462C6A2BCD00EF4FB0 /* Products */;
			projectDirPath = "";
			projectRoot = "";
			targets = (
				84A608442C6A2BCD00EF4FB0 /* Expert */,
			);
		};
/* End PBXProject section */

/* Begin PBXResourcesBuildPhase section */
		84A608432C6A2BCD00EF4FB0 /* Resources */ = {
			isa = PBXResourcesBuildPhase;
			buildActionMask = 2147483647;
			files = (
				84A608702C6B664100EF4FB0 /* RegViewController.storyboard in Resources */,
				84A608552C6A2BCF00EF4FB0 /* LaunchScreen.storyboard in Resources */,
				847D52D32C80B52300FD7C78 /* TypeViewController.storyboard in Resources */,
				84A6087E2C6D3C5B00EF4FB0 /* EntrViewController.storyboard in Resources */,
				84A608522C6A2BCF00EF4FB0 /* Assets.xcassets in Resources */,
				847D52C22C7FD45800FD7C78 /* HelpViewController.storyboard in Resources */,
				847D52B82C7CB93800FD7C78 /* AboutUsViewController.storyboard in Resources */,
				84A608502C6A2BCD00EF4FB0 /* Main.storyboard in Resources */,
				847D52BF2C7DF9DB00FD7C78 /* MyOrderViewController.storyboard in Resources */,
				847D52D92C83172700FD7C78 /* OrderDetailsViewController.storyboard in Resources */,
				847D52C92C7FDA4500FD7C78 /* OrderViewController.storyboard in Resources */,
				847D52CC2C7FED6900FD7C78 /* GetPhotoViewController.storyboard in Resources */,
			);
			runOnlyForDeploymentPostprocessing = 0;
		};
/* End PBXResourcesBuildPhase section */

/* Begin PBXSourcesBuildPhase section */
		84A608412C6A2BCD00EF4FB0 /* Sources */ = {
			isa = PBXSourcesBuildPhase;
			buildActionMask = 2147483647;
			files = (
				847D52D12C80B51900FD7C78 /* TypeViewController.swift in Sources */,
				84A6084D2C6A2BCD00EF4FB0 /* ViewController.swift in Sources */,
				847D52C72C7FD74700FD7C78 /* OrderViewController.swift in Sources */,
				847D52CE2C7FED7A00FD7C78 /* GetPhotoViewController.swift in Sources */,
				84A6087C2C6D3C4100EF4FB0 /* EntrViewController.swift in Sources */,
				84A608732C6B9D5600EF4FB0 /* SQL.swift in Sources */,
				84A608492C6A2BCD00EF4FB0 /* AppDelegate.swift in Sources */,
				847D52C42C7FD46100FD7C78 /* HelpViewController.swift in Sources */,
				847D52BA2C7CB95700FD7C78 /* AboutUsViewController.swift in Sources */,
				84A6084B2C6A2BCD00EF4FB0 /* SceneDelegate.swift in Sources */,
				847D52D72C83171800FD7C78 /* OrderDetailsViewController.swift in Sources */,
				84A6086C2C6B63E700EF4FB0 /* RegViewController.swift in Sources */,
				847D52BD2C7DF99800FD7C78 /* MyOrderViewController.swift in Sources */,
			);
			runOnlyForDeploymentPostprocessing = 0;
		};
/* End PBXSourcesBuildPhase section */

/* Begin PBXVariantGroup section */
		84A6084E2C6A2BCD00EF4FB0 /* Main.storyboard */ = {
			isa = PBXVariantGroup;
			children = (
				84A6084F2C6A2BCD00EF4FB0 /* Base */,
			);
			name = Main.storyboard;
			sourceTree = "<group>";
		};
		84A608532C6A2BCF00EF4FB0 /* LaunchScreen.storyboard */ = {
			isa = PBXVariantGroup;
			children = (
				84A608542C6A2BCF00EF4FB0 /* Base */,
			);
			name = LaunchScreen.storyboard;
			sourceTree = "<group>";
		};
/* End PBXVariantGroup section */

/* Begin XCBuildConfiguration section */
		84A608572C6A2BCF00EF4FB0 /* Debug */ = {
			isa = XCBuildConfiguration;
			buildSettings = {
				ALWAYS_SEARCH_USER_PATHS = NO;
				CLANG_ANALYZER_NONNULL = YES;
				CLANG_ANALYZER_NUMBER_OBJECT_CONVERSION = YES_AGGRESSIVE;
				CLANG_CXX_LANGUAGE_STANDARD = "gnu++20";
				CLANG_ENABLE_MODULES = YES;
				CLANG_ENABLE_OBJC_ARC = YES;
				CLANG_ENABLE_OBJC_WEAK = YES;
				CLANG_WARN_BLOCK_CAPTURE_AUTORELEASING = YES;
				CLANG_WARN_BOOL_CONVERSION = YES;
				CLANG_WARN_COMMA = YES;
				CLANG_WARN_CONSTANT_CONVERSION = YES;
				CLANG_WARN_DEPRECATED_OBJC_IMPLEMENTATIONS = YES;
				CLANG_WARN_DIRECT_OBJC_ISA_USAGE = YES_ERROR;
				CLANG_WARN_DOCUMENTATION_COMMENTS = YES;
				CLANG_WARN_EMPTY_BODY = YES;
				CLANG_WARN_ENUM_CONVERSION = YES;
				CLANG_WARN_INFINITE_RECURSION = YES;
				CLANG_WARN_INT_CONVERSION = YES;
				CLANG_WARN_NON_LITERAL_NULL_CONVERSION = YES;
				CLANG_WARN_OBJC_IMPLICIT_RETAIN_SELF = YES;
				CLANG_WARN_OBJC_LITERAL_CONVERSION = YES;
				CLANG_WARN_OBJC_ROOT_CLASS = YES_ERROR;
				CLANG_WARN_QUOTED_INCLUDE_IN_FRAMEWORK_HEADER = YES;
				CLANG_WARN_RANGE_LOOP_ANALYSIS = YES;
				CLANG_WARN_STRICT_PROTOTYPES = YES;
				CLANG_WARN_SUSPICIOUS_MOVE = YES;
				CLANG_WARN_UNGUARDED_AVAILABILITY = YES_AGGRESSIVE;
				CLANG_WARN_UNREACHABLE_CODE = YES;
				CLANG_WARN__DUPLICATE_METHOD_MATCH = YES;
				COPY_PHASE_STRIP = NO;
				DEBUG_INFORMATION_FORMAT = dwarf;
				ENABLE_STRICT_OBJC_MSGSEND = YES;
				ENABLE_TESTABILITY = YES;
				GCC_C_LANGUAGE_STANDARD = gnu11;
				GCC_DYNAMIC_NO_PIC = NO;
				GCC_NO_COMMON_BLOCKS = YES;
				GCC_OPTIMIZATION_LEVEL = 0;
				GCC_PREPROCESSOR_DEFINITIONS = (
					"DEBUG=1",
					"$(inherited)",
				);
				GCC_WARN_64_TO_32_BIT_CONVERSION = YES;
				GCC_WARN_ABOUT_RETURN_TYPE = YES_ERROR;
				GCC_WARN_UNDECLARED_SELECTOR = YES;
				GCC_WARN_UNINITIALIZED_AUTOS = YES_AGGRESSIVE;
				GCC_WARN_UNUSED_FUNCTION = YES;
				GCC_WARN_UNUSED_VARIABLE = YES;
				IPHONEOS_DEPLOYMENT_TARGET = 16.0;
				MTL_ENABLE_DEBUG_INFO = INCLUDE_SOURCE;
				MTL_FAST_MATH = YES;
				ONLY_ACTIVE_ARCH = YES;
				SDKROOT = iphoneos;
				SWIFT_ACTIVE_COMPILATION_CONDITIONS = DEBUG;
				SWIFT_OPTIMIZATION_LEVEL = "-Onone";
			};
			name = Debug;
		};
		84A608582C6A2BCF00EF4FB0 /* Release */ = {
			isa = XCBuildConfiguration;
			buildSettings = {
				ALWAYS_SEARCH_USER_PATHS = NO;
				CLANG_ANALYZER_NONNULL = YES;
				CLANG_ANALYZER_NUMBER_OBJECT_CONVERSION = YES_AGGRESSIVE;
				CLANG_CXX_LANGUAGE_STANDARD = "gnu++20";
				CLANG_ENABLE_MODULES = YES;
				CLANG_ENABLE_OBJC_ARC = YES;
				CLANG_ENABLE_OBJC_WEAK = YES;
				CLANG_WARN_BLOCK_CAPTURE_AUTORELEASING = YES;
				CLANG_WARN_BOOL_CONVERSION = YES;
				CLANG_WARN_COMMA = YES;
				CLANG_WARN_CONSTANT_CONVERSION = YES;
				CLANG_WARN_DEPRECATED_OBJC_IMPLEMENTATIONS = YES;
				CLANG_WARN_DIRECT_OBJC_ISA_USAGE = YES_ERROR;
				CLANG_WARN_DOCUMENTATION_COMMENTS = YES;
				CLANG_WARN_EMPTY_BODY = YES;
				CLANG_WARN_ENUM_CONVERSION = YES;
				CLANG_WARN_INFINITE_RECURSION = YES;
				CLANG_WARN_INT_CONVERSION = YES;
				CLANG_WARN_NON_LITERAL_NULL_CONVERSION = YES;
				CLANG_WARN_OBJC_IMPLICIT_RETAIN_SELF = YES;
				CLANG_WARN_OBJC_LITERAL_CONVERSION = YES;
				CLANG_WARN_OBJC_ROOT_CLASS = YES_ERROR;
				CLANG_WARN_QUOTED_INCLUDE_IN_FRAMEWORK_HEADER = YES;
				CLANG_WARN_RANGE_LOOP_ANALYSIS = YES;
				CLANG_WARN_STRICT_PROTOTYPES = YES;
				CLANG_WARN_SUSPICIOUS_MOVE = YES;
				CLANG_WARN_UNGUARDED_AVAILABILITY = YES_AGGRESSIVE;
				CLANG_WARN_UNREACHABLE_CODE = YES;
				CLANG_WARN__DUPLICATE_METHOD_MATCH = YES;
				COPY_PHASE_STRIP = NO;
				DEBUG_INFORMATION_FORMAT = "dwarf-with-dsym";
				ENABLE_NS_ASSERTIONS = NO;
				ENABLE_STRICT_OBJC_MSGSEND = YES;
				GCC_C_LANGUAGE_STANDARD = gnu11;
				GCC_NO_COMMON_BLOCKS = YES;
				GCC_WARN_64_TO_32_BIT_CONVERSION = YES;
				GCC_WARN_ABOUT_RETURN_TYPE = YES_ERROR;
				GCC_WARN_UNDECLARED_SELECTOR = YES;
				GCC_WARN_UNINITIALIZED_AUTOS = YES_AGGRESSIVE;
				GCC_WARN_UNUSED_FUNCTION = YES;
				GCC_WARN_UNUSED_VARIABLE = YES;
				IPHONEOS_DEPLOYMENT_TARGET = 16.0;
				MTL_ENABLE_DEBUG_INFO = NO;
				MTL_FAST_MATH = YES;
				SDKROOT = iphoneos;
				SWIFT_COMPILATION_MODE = wholemodule;
				SWIFT_OPTIMIZATION_LEVEL = "-O";
				VALIDATE_PRODUCT = YES;
			};
			name = Release;
		};
		84A6085A2C6A2BCF00EF4FB0 /* Debug */ = {
			isa = XCBuildConfiguration;
			buildSettings = {
				ASSETCATALOG_COMPILER_APPICON_NAME = AppIcon;
				ASSETCATALOG_COMPILER_GLOBAL_ACCENT_COLOR_NAME = AccentColor;
				CODE_SIGN_STYLE = Automatic;
				CURRENT_PROJECT_VERSION = 1;
				DEVELOPMENT_TEAM = B6XPJ2N83U;
				GENERATE_INFOPLIST_FILE = YES;
				INFOPLIST_FILE = Expert/Info.plist;
				INFOPLIST_KEY_UIApplicationSupportsIndirectInputEvents = YES;
				INFOPLIST_KEY_UILaunchStoryboardName = LaunchScreen;
				INFOPLIST_KEY_UIMainStoryboardFile = Main;
				INFOPLIST_KEY_UISupportedInterfaceOrientations_iPad = "UIInterfaceOrientationPortrait UIInterfaceOrientationPortraitUpsideDown UIInterfaceOrientationLandscapeLeft UIInterfaceOrientationLandscapeRight";
				INFOPLIST_KEY_UISupportedInterfaceOrientations_iPhone = "UIInterfaceOrientationPortrait UIInterfaceOrientationLandscapeLeft UIInterfaceOrientationLandscapeRight";
				LD_RUNPATH_SEARCH_PATHS = (
					"$(inherited)",
					"@executable_path/Frameworks",
				);
				MARKETING_VERSION = 1.0;
				PRODUCT_BUNDLE_IDENTIFIER = starkon.Expert;
				PRODUCT_NAME = "$(TARGET_NAME)";
				SWIFT_EMIT_LOC_STRINGS = YES;
				SWIFT_VERSION = 5.0;
				TARGETED_DEVICE_FAMILY = "1,2";
			};
			name = Debug;
		};
		84A6085B2C6A2BCF00EF4FB0 /* Release */ = {
			isa = XCBuildConfiguration;
			buildSettings = {
				ASSETCATALOG_COMPILER_APPICON_NAME = AppIcon;
				ASSETCATALOG_COMPILER_GLOBAL_ACCENT_COLOR_NAME = AccentColor;
				CODE_SIGN_STYLE = Automatic;
				CURRENT_PROJECT_VERSION = 1;
				DEVELOPMENT_TEAM = B6XPJ2N83U;
				GENERATE_INFOPLIST_FILE = YES;
				INFOPLIST_FILE = Expert/Info.plist;
				INFOPLIST_KEY_UIApplicationSupportsIndirectInputEvents = YES;
				INFOPLIST_KEY_UILaunchStoryboardName = LaunchScreen;
				INFOPLIST_KEY_UIMainStoryboardFile = Main;
				INFOPLIST_KEY_UISupportedInterfaceOrientations_iPad = "UIInterfaceOrientationPortrait UIInterfaceOrientationPortraitUpsideDown UIInterfaceOrientationLandscapeLeft UIInterfaceOrientationLandscapeRight";
				INFOPLIST_KEY_UISupportedInterfaceOrientations_iPhone = "UIInterfaceOrientationPortrait UIInterfaceOrientationLandscapeLeft UIInterfaceOrientationLandscapeRight";
				LD_RUNPATH_SEARCH_PATHS = (
					"$(inherited)",
					"@executable_path/Frameworks",
				);
				MARKETING_VERSION = 1.0;
				PRODUCT_BUNDLE_IDENTIFIER = starkon.Expert;
				PRODUCT_NAME = "$(TARGET_NAME)";
				SWIFT_EMIT_LOC_STRINGS = YES;
				SWIFT_VERSION = 5.0;
				TARGETED_DEVICE_FAMILY = "1,2";
			};
			name = Release;
		};
/* End XCBuildConfiguration section */

/* Begin XCConfigurationList section */
		84A608402C6A2BCD00EF4FB0 /* Build configuration list for PBXProject "Expert" */ = {
			isa = XCConfigurationList;
			buildConfigurations = (
				84A608572C6A2BCF00EF4FB0 /* Debug */,
				84A608582C6A2BCF00EF4FB0 /* Release */,
			);
			defaultConfigurationIsVisible = 0;
			defaultConfigurationName = Release;
		};
		84A608592C6A2BCF00EF4FB0 /* Build configuration list for PBXNativeTarget "Expert" */ = {
			isa = XCConfigurationList;
			buildConfigurations = (
				84A6085A2C6A2BCF00EF4FB0 /* Debug */,
				84A6085B2C6A2BCF00EF4FB0 /* Release */,
			);
			defaultConfigurationIsVisible = 0;
			defaultConfigurationName = Release;
		};
/* End XCConfigurationList section */
	};
	rootObject = 84A6083D2C6A2BCD00EF4FB0 /* Project object */;
}
